<?xml version="1.0" encoding="utf-8"?>
<Project ToolsVersion="4.0" xmlns="http://schemas.microsoft.com/developer/msbuild/2003">
  <ItemGroup>
    <Filter Include="Source Files">
      <UniqueIdentifier>{4FC737F1-C7A5-4376-A066-2A32D752A2FF}</UniqueIdentifier>
      <Extensions>cpp;c;cc;cxx;def;odl;idl;hpj;bat;asm;asmx</Extensions>
    </Filter>
    <Filter Include="Header Files">
      <UniqueIdentifier>{93995380-89BD-4b04-88EB-625FBE52EBFB}</UniqueIdentifier>
      <Extensions>h;hh;hpp;hxx;hm;inl;inc;xsd</Extensions>
    </Filter>
    <Filter Include="Resource Files">
      <UniqueIdentifier>{67DA6AB6-F800-4c08-8B7A-83BB121AAD01}</UniqueIdentifier>
      <Extensions>rc;ico;cur;bmp;dlg;rc2;rct;bin;rgs;gif;jpg;jpeg;jpe;resx;tiff;tif;png;wav;mfcribbon-ms</Extensions>
    </Filter>
    <Filter Include="Network">
      <UniqueIdentifier>{a5e096b6-0a12-4c53-bb72-86614a2963eb}</UniqueIdentifier>
    </Filter>
    <Filter Include="cards">
      <UniqueIdentifier>{7791c664-acfc-4d61-b879-9a39cc5db20a}</UniqueIdentifier>
    </Filter>
    <Filter Include="util">
      <UniqueIdentifier>{09bfe71b-23ba-4b38-aba8-ad28cbea27bc}</UniqueIdentifier>
    </Filter>
    <Filter Include="data">
      <UniqueIdentifier>{62487603-42fa-4a03-9509-64cff8808c74}</UniqueIdentifier>
    </Filter>
    <Filter Include="phases">
      <UniqueIdentifier>{598d10bc-21e5-489f-bc62-67ed7da24776}</UniqueIdentifier>
    </Filter>
    <Filter Include="input">
      <UniqueIdentifier>{67461ae3-3666-466a-a479-51463b27d477}</UniqueIdentifier>
    </Filter>
  </ItemGroup>
  <ItemGroup>
    <ClInclude Include="Player.h">
      <Filter>Header Files</Filter>
    </ClInclude>
    <ClInclude Include="network\CircularBuffer.h">
      <Filter>Network</Filter>
    </ClInclude>
    <ClInclude Include="network\ClientCommand.h">
      <Filter>Network</Filter>
    </ClInclude>
    <ClInclude Include="network\ClientInfo.h">
      <Filter>Network</Filter>
    </ClInclude>
    <ClInclude Include="network\Socket.h">
      <Filter>Network</Filter>
    </ClInclude>
    <ClInclude Include="network\Sync_queue.h">
      <Filter>Network</Filter>
    </ClInclude>
    <ClInclude Include="network\throw.h">
      <Filter>Network</Filter>
    </ClInclude>
    <ClInclude Include="cards\CharacterCard.h">
      <Filter>cards</Filter>
    </ClInclude>
    <ClInclude Include="cards\BuildingCard.h">
      <Filter>cards</Filter>
    </ClInclude>
    <ClInclude Include="Gold.h">
      <Filter>Header Files</Filter>
    </ClInclude>
    <ClInclude Include="cards\CardCategory.h">
      <Filter>cards</Filter>
    </ClInclude>
    <ClInclude Include="Game.h">
      <Filter>Header Files</Filter>
    </ClInclude>
    <ClInclude Include="CardEffect.h">
      <Filter>cards</Filter>
    </ClInclude>
    <ClInclude Include="Deck.h">
      <Filter>Header Files</Filter>
    </ClInclude>
    <ClInclude Include="util\RandomGenerator.h">
      <Filter>util</Filter>
    </ClInclude>
    <ClInclude Include="data\Assets.h">
      <Filter>data</Filter>
    </ClInclude>
    <ClInclude Include="phases\Option.h">
      <Filter>phases</Filter>
    </ClInclude>
    <ClInclude Include="phases\Phase.h">
      <Filter>phases</Filter>
    </ClInclude>
    <ClInclude Include="phases\State.h">
      <Filter>phases</Filter>
    </ClInclude>
    <ClInclude Include="data\memleak.h">
      <Filter>util</Filter>
    </ClInclude>
    <ClInclude Include="phases\TestPhase.h">
      <Filter>phases</Filter>
    </ClInclude>
    <ClInclude Include="main.h">
      <Filter>Header Files</Filter>
    </ClInclude>
  </ItemGroup>
  <ItemGroup>
    <ClCompile Include="Player.cpp">
      <Filter>Source Files</Filter>
    </ClCompile>
    <ClCompile Include="main.cpp">
      <Filter>Source Files</Filter>
    </ClCompile>
    <ClCompile Include="network\Socket.cpp">
      <Filter>Network</Filter>
    </ClCompile>
    <ClCompile Include="network\throw.cpp">
      <Filter>Network</Filter>
    </ClCompile>
    <ClCompile Include="cards\CharacterCard.cpp">
      <Filter>cards</Filter>
    </ClCompile>
    <ClCompile Include="cards\BuildingCard.cpp">
      <Filter>cards</Filter>
    </ClCompile>
    <ClCompile Include="Gold.cpp">
      <Filter>Source Files</Filter>
    </ClCompile>
    <ClCompile Include="cards\CardCategory.cpp">
      <Filter>cards</Filter>
    </ClCompile>
    <ClCompile Include="Game.cpp">
      <Filter>Source Files</Filter>
    </ClCompile>
    <ClCompile Include="util\RandomGenerator.cpp">
      <Filter>util</Filter>
    </ClCompile>
    <ClCompile Include="phases\State.cpp">
      <Filter>phases</Filter>
    </ClCompile>
    <ClCompile Include="phases\Phase.cpp">
      <Filter>phases</Filter>
    </ClCompile>
    <ClCompile Include="phases\TestPhase.cpp">
      <Filter>phases</Filter>
    </ClCompile>
  </ItemGroup>
  <ItemGroup>
    <Text Include="how-to.txt" />
  </ItemGroup>
  <ItemGroup>
    <None Include="data\Bouwkaarten.csv">
      <Filter>data</Filter>
    </None>
    <None Include="data\karakterkaarten.csv">
      <Filter>data</Filter>
    </None>
  </ItemGroup>
</Project>